
Microsoft Visual Studio Solution File, Format Version 12.00
# Visual Studio Version 17
VisualStudioVersion = 17.11.35312.102
MinimumVisualStudioVersion = 10.0.40219.1
Project("{FAE04EC0-301F-11D3-BF4B-00C04F79EFBC}") = "ECGVisualizer", "ECGVisualizer\ECGVisualizer.csproj", "{EFFE9FD8-1712-41CB-84A5-44E3054E9EE5}"
EndProject
Global
	GlobalSection(SolutionConfigurationPlatforms) = preSolution
		Debug|Any CPU = Debug|Any CPU
		Release|Any CPU = Release|Any CPU
	EndGlobalSection
	GlobalSection(ProjectConfigurationPlatforms) = postSolution
		{EFFE9FD8-1712-41CB-84A5-44E3054E9EE5}.Debug|Any CPU.ActiveCfg = Debug|Any CPU
		{EFFE9FD8-1712-41CB-84A5-44E3054E9EE5}.Debug|Any CPU.Build.0 = Debug|Any CPU
		{EFFE9FD8-1712-41CB-84A5-44E3054E9EE5}.Release|Any CPU.ActiveCfg = Release|Any CPU
		{EFFE9FD8-1712-41CB-84A5-44E3054E9EE5}.Release|Any CPU.Build.0 = Release|Any CPU
	EndGlobalSection
	GlobalSection(SolutionProperties) = preSolution
		HideSolutionNode = FALSE
	EndGlobalSection
	GlobalSection(ExtensibilityGlobals) = postSolution
		SolutionGuid = {A750F39F-D9FF-46FF-92AB-8DFEB705E690}
	EndGlobalSection
EndGlobal
